<?xml version="1.0" encoding="UTF-8" standalone="yes" ?>
<CodeBlocks_project_file>
	<FileVersion major="1" minor="6" />
	<Project>
		<Option title="game" />
		<Option pch_mode="2" />
		<Option compiler="mingw_update_last_rev" />
		<Build>
			<Target title="Debug">
				<Option output="bin\Debug\game" prefix_auto="1" extension_auto="1" />
				<Option working_dir="bin\Debug\" />
				<Option object_output="obj\Debug\" />
				<Option type="1" />
				<Option compiler="mingw_update_last_rev" />
				<Compiler>
					<Add option="-g" />
				</Compiler>
				<Linker>
					<Add library="OgreMain_d" />
					<Add library="OIS_d" />
				</Linker>
			</Target>
			<Target title="Release">
				<Option output="bin\Release\game" prefix_auto="1" extension_auto="1" />
				<Option working_dir="bin\Release\" />
				<Option object_output="obj\Release\" />
				<Option type="1" />
				<Option compiler="mingw_update_last_rev" />
				<Compiler>
					<Add option="-O2" />
				</Compiler>
				<Linker>
					<Add option="-s" />
					<Add library="OgreMain" />
					<Add library="OIS" />
				</Linker>
			</Target>
		</Build>
		<Compiler>
			<Add option="-Wall" />
			<Add directory="C:\OgreSDK_mingw_v1-7-2\boost_1_44" />
			<Add directory="C:\OgreSDK_mingw_v1-7-2\include" />
			<Add directory="C:\OgreSDK_mingw_v1-7-2\include\OGRE" />
		</Compiler>
		<Linker>
			<Add option="-Wl,--enable-auto-import" />
			<Add directory="C:\OgreSDK_mingw_v1-7-2\boost_1_44\lib" />
			<Add directory="C:\OgreSDK_mingw_v1-7-2\lib\$(TARGET_NAME)" />
		</Linker>
		<Unit filename="src\Application.cpp" />
		<Unit filename="src\Application.h" />
		<Unit filename="src\InputListener.cpp" />
		<Unit filename="src\InputListener.h" />
		<Unit filename="src\main.cpp" />
		<Extensions>
			<code_completion />
			<debugger />
		</Extensions>
	</Project>
</CodeBlocks_project_file>
